// !$*UTF8*$!
{
	archiveVersion = 1;
	classes = {
	};
	objectVersion = 46;
	objects = {

/* Begin PBXBuildFile section */
		15AC3E2A1B9FCBE900C8CAF2 /* main.m in Sources */ = {isa = PBXBuildFile; fileRef = 15AC3E291B9FCBE900C8CAF2 /* main.m */; };
		15AC3E2D1B9FCBE900C8CAF2 /* AppDelegate.m in Sources */ = {isa = PBXBuildFile; fileRef = 15AC3E2C1B9FCBE900C8CAF2 /* AppDelegate.m */; };
		15AC3E301B9FCBE900C8CAF2 /* ViewController.m in Sources */ = {isa = PBXBuildFile; fileRef = 15AC3E2F1B9FCBE900C8CAF2 /* ViewController.m */; };
		15AC3E331B9FCBE900C8CAF2 /* Main.storyboard in Resources */ = {isa = PBXBuildFile; fileRef = 15AC3E311B9FCBE900C8CAF2 /* Main.storyboard */; };
		15AC3E351B9FCBE900C8CAF2 /* Images.xcassets in Resources */ = {isa = PBXBuildFile; fileRef = 15AC3E341B9FCBE900C8CAF2 /* Images.xcassets */; };
		15AC3E381B9FCBE900C8CAF2 /* LaunchScreen.xib in Resources */ = {isa = PBXBuildFile; fileRef = 15AC3E361B9FCBE900C8CAF2 /* LaunchScreen.xib */; };
		15AC3E441B9FCBE900C8CAF2 /* HelloMyWebViewTests.m in Sources */ = {isa = PBXBuildFile; fileRef = 15AC3E431B9FCBE900C8CAF2 /* HelloMyWebViewTests.m */; };
/* End PBXBuildFile section */

/* Begin PBXContainerItemProxy section */
		15AC3E3E1B9FCBE900C8CAF2 /* PBXContainerItemProxy */ = {
			isa = PBXContainerItemProxy;
			containerPortal = 15AC3E1C1B9FCBE900C8CAF2 /* Project object */;
			proxyType = 1;
			remoteGlobalIDString = 15AC3E231B9FCBE900C8CAF2;
			remoteInfo = HelloMyWebView;
		};
/* End PBXContainerItemProxy section */

/* Begin PBXFileReference section */
		15AC3E241B9FCBE900C8CAF2 /* HelloMyWebView.app */ = {isa = PBXFileReference; explicitFileType = wrapper.application; includeInIndex = 0; path = HelloMyWebView.app; sourceTree = BUILT_PRODUCTS_DIR; };
		15AC3E281B9FCBE900C8CAF2 /* Info.plist */ = {isa = PBXFileReference; lastKnownFileType = text.plist.xml; path = Info.plist; sourceTree = "<group>"; };
		15AC3E291B9FCBE900C8CAF2 /* main.m */ = {isa = PBXFileReference; lastKnownFileType = sourcecode.c.objc; path = main.m; sourceTree = "<group>"; };
		15AC3E2B1B9FCBE900C8CAF2 /* AppDelegate.h */ = {isa = PBXFileReference; lastKnownFileType = sourcecode.c.h; path = AppDelegate.h; sourceTree = "<group>"; };
		15AC3E2C1B9FCBE900C8CAF2 /* AppDelegate.m */ = {isa = PBXFileReference; lastKnownFileType = sourcecode.c.objc; path = AppDelegate.m; sourceTree = "<group>"; };
		15AC3E2E1B9FCBE900C8CAF2 /* ViewController.h */ = {isa = PBXFileReference; lastKnownFileType = sourcecode.c.h; path = ViewController.h; sourceTree = "<group>"; };
		15AC3E2F1B9FCBE900C8CAF2 /* ViewController.m */ = {isa = PBXFileReference; lastKnownFileType = sourcecode.c.objc; path = ViewController.m; sourceTree = "<group>"; };
		15AC3E321B9FCBE900C8CAF2 /* Base */ = {isa = PBXFileReference; lastKnownFileType = file.storyboard; name = Base; path = Base.lproj/Main.storyboard; sourceTree = "<group>"; };
		15AC3E341B9FCBE900C8CAF2 /* Images.xcassets */ = {isa = PBXFileReference; lastKnownFileType = folder.assetcatalog; path = Images.xcassets; sourceTree = "<group>"; };
		15AC3E371B9FCBE900C8CAF2 /* Base */ = {isa = PBXFileReference; lastKnownFileType = file.xib; name = Base; path = Base.lproj/LaunchScreen.xib; sourceTree = "<group>"; };
		15AC3E3D1B9FCBE900C8CAF2 /* HelloMyWebViewTests.xctest */ = {isa = PBXFileReference; explicitFileType = wrapper.cfbundle; includeInIndex = 0; path = HelloMyWebViewTests.xctest; sourceTree = BUILT_PRODUCTS_DIR; };
		15AC3E421B9FCBE900C8CAF2 /* Info.plist */ = {isa = PBXFileReference; lastKnownFileType = text.plist.xml; path = Info.plist; sourceTree = "<group>"; };
		15AC3E431B9FCBE900C8CAF2 /* HelloMyWebViewTests.m */ = {isa = PBXFileReference; lastKnownFileType = sourcecode.c.objc; path = HelloMyWebViewTests.m; sourceTree = "<group>"; };
/* End PBXFileReference section */

/* Begin PBXFrameworksBuildPhase section */
		15AC3E211B9FCBE900C8CAF2 /* Frameworks */ = {
			isa = PBXFrameworksBuildPhase;
			buildActionMask = 2147483647;
			files = (
			);
			runOnlyForDeploymentPostprocessing = 0;
		};
		15AC3E3A1B9FCBE900C8CAF2 /* Frameworks */ = {
			isa = PBXFrameworksBuildPhase;
			buildActionMask = 2147483647;
			files = (
			);
			runOnlyForDeploymentPostprocessing = 0;
		};
/* End PBXFrameworksBuildPhase section */

/* Begin PBXGroup section */
		15AC3E1B1B9FCBE900C8CAF2 = {
			isa = PBXGroup;
			children = (
				15AC3E261B9FCBE900C8CAF2 /* HelloMyWebView */,
				15AC3E401B9FCBE900C8CAF2 /* HelloMyWebViewTests */,
				15AC3E251B9FCBE900C8CAF2 /* Products */,
			);
			sourceTree = "<group>";
		};
		15AC3E251B9FCBE900C8CAF2 /* Products */ = {
			isa = PBXGroup;
			children = (
				15AC3E241B9FCBE900C8CAF2 /* HelloMyWebView.app */,
				15AC3E3D1B9FCBE900C8CAF2 /* HelloMyWebViewTests.xctest */,
			);
			name = Products;
			sourceTree = "<group>";
		};
		15AC3E261B9FCBE900C8CAF2 /* HelloMyWebView */ = {
			isa = PBXGroup;
			children = (
				15AC3E2B1B9FCBE900C8CAF2 /* AppDelegate.h */,
				15AC3E2C1B9FCBE900C8CAF2 /* AppDelegate.m */,
				15AC3E2E1B9FCBE900C8CAF2 /* ViewController.h */,
				15AC3E2F1B9FCBE900C8CAF2 /* ViewController.m */,
				15AC3E311B9FCBE900C8CAF2 /* Main.storyboard */,
				15AC3E341B9FCBE900C8CAF2 /* Images.xcassets */,
				15AC3E361B9FCBE900C8CAF2 /* LaunchScreen.xib */,
				15AC3E271B9FCBE900C8CAF2 /* Supporting Files */,
			);
			path = HelloMyWebView;
			sourceTree = "<group>";
		};
		15AC3E271B9FCBE900C8CAF2 /* Supporting Files */ = {
			isa = PBXGroup;
			children = (
				15AC3E281B9FCBE900C8CAF2 /* Info.plist */,
				15AC3E291B9FCBE900C8CAF2 /* main.m */,
			);
			name = "Supporting Files";
			sourceTree = "<group>";
		};
		15AC3E401B9FCBE900C8CAF2 /* HelloMyWebViewTests */ = {
			isa = PBXGroup;
			children = (
				15AC3E431B9FCBE900C8CAF2 /* HelloMyWebViewTests.m */,
				15AC3E411B9FCBE900C8CAF2 /* Supporting Files */,
			);
			path = HelloMyWebViewTests;
			sourceTree = "<group>";
		};
		15AC3E411B9FCBE900C8CAF2 /* Supporting Files */ = {
			isa = PBXGroup;
			children = (
				15AC3E421B9FCBE900C8CAF2 /* Info.plist */,
			);
			name = "Supporting Files";
			sourceTree = "<group>";
		};
/* End PBXGroup section */

/* Begin PBXNativeTarget section */
		15AC3E231B9FCBE900C8CAF2 /* HelloMyWebView */ = {
			isa = PBXNativeTarget;
			buildConfigurationList = 15AC3E471B9FCBE900C8CAF2 /* Build configuration list for PBXNativeTarget "HelloMyWebView" */;
			buildPhases = (
				15AC3E201B9FCBE900C8CAF2 /* Sources */,
				15AC3E211B9FCBE900C8CAF2 /* Frameworks */,
				15AC3E221B9FCBE900C8CAF2 /* Resources */,
			);
			buildRules = (
			);
			dependencies = (
			);
			name = HelloMyWebView;
			productName = HelloMyWebView;
			productReference = 15AC3E241B9FCBE900C8CAF2 /* HelloMyWebView.app */;
			productType = "com.apple.product-type.application";
		};
		15AC3E3C1B9FCBE900C8CAF2 /* HelloMyWebViewTests */ = {
			isa = PBXNativeTarget;
			buildConfigurationList = 15AC3E4A1B9FCBE900C8CAF2 /* Build configuration list for PBXNativeTarget "HelloMyWebViewTests" */;
			buildPhases = (
				15AC3E391B9FCBE900C8CAF2 /* Sources */,
				15AC3E3A1B9FCBE900C8CAF2 /* Frameworks */,
				15AC3E3B1B9FCBE900C8CAF2 /* Resources */,
			);
			buildRules = (
			);
			dependencies = (
				15AC3E3F1B9FCBE900C8CAF2 /* PBXTargetDependency */,
			);
			name = HelloMyWebViewTests;
			productName = HelloMyWebViewTests;
			productReference = 15AC3E3D1B9FCBE900C8CAF2 /* HelloMyWebViewTests.xctest */;
			productType = "com.apple.product-type.bundle.unit-test";
		};
/* End PBXNativeTarget section */

/* Begin PBXProject section */
		15AC3E1C1B9FCBE900C8CAF2 /* Project object */ = {
			isa = PBXProject;
			attributes = {
				LastUpgradeCheck = 0640;
				ORGANIZATIONNAME = "Nilson Lee";
				TargetAttributes = {
					15AC3E231B9FCBE900C8CAF2 = {
						CreatedOnToolsVersion = 6.4;
					};
					15AC3E3C1B9FCBE900C8CAF2 = {
						CreatedOnToolsVersion = 6.4;
						TestTargetID = 15AC3E231B9FCBE900C8CAF2;
					};
				};
			};
			buildConfigurationList = 15AC3E1F1B9FCBE900C8CAF2 /* Build configuration list for PBXProject "HelloMyWebView" */;
			compatibilityVersion = "Xcode 3.2";
			developmentRegion = English;
			hasScannedForEncodings = 0;
			knownRegions = (
				en,
				Base,
			);
			mainGroup = 15AC3E1B1B9FCBE900C8CAF2;
			productRefGroup = 15AC3E251B9FCBE900C8CAF2 /* Products */;
			projectDirPath = "";
			projectRoot = "";
			targets = (
				15AC3E231B9FCBE900C8CAF2 /* HelloMyWebView */,
				15AC3E3C1B9FCBE900C8CAF2 /* HelloMyWebViewTests */,
			);
		};
/* End PBXProject section */

/* Begin PBXResourcesBuildPhase section */
		15AC3E221B9FCBE900C8CAF2 /* Resources */ = {
			isa = PBXResourcesBuildPhase;
			buildActionMask = 2147483647;
			files = (
				15AC3E331B9FCBE900C8CAF2 /* Main.storyboard in Resources */,
				15AC3E381B9FCBE900C8CAF2 /* LaunchScreen.xib in Resources */,
				15AC3E351B9FCBE900C8CAF2 /* Images.xcassets in Resources */,
			);
			runOnlyForDeploymentPostprocessing = 0;
		};
		15AC3E3B1B9FCBE900C8CAF2 /* Resources */ = {
			isa = PBXResourcesBuildPhase;
			buildActionMask = 2147483647;
			files = (
			);
			runOnlyForDeploymentPostprocessing = 0;
		};
/* End PBXResourcesBuildPhase section */

/* Begin PBXSourcesBuildPhase section */
		15AC3E201B9FCBE900C8CAF2 /* Sources */ = {
			isa = PBXSourcesBuildPhase;
			buildActionMask = 2147483647;
			files = (
				15AC3E301B9FCBE900C8CAF2 /* ViewController.m in Sources */,
				15AC3E2D1B9FCBE900C8CAF2 /* AppDelegate.m in Sources */,
				15AC3E2A1B9FCBE900C8CAF2 /* main.m in Sources */,
			);
			runOnlyForDeploymentPostprocessing = 0;
		};
		15AC3E391B9FCBE900C8CAF2 /* Sources */ = {
			isa = PBXSourcesBuildPhase;
			buildActionMask = 2147483647;
			files = (
				15AC3E441B9FCBE900C8CAF2 /* HelloMyWebViewTests.m in Sources */,
			);
			runOnlyForDeploymentPostprocessing = 0;
		};
/* End PBXSourcesBuildPhase section */

/* Begin PBXTargetDependency section */
		15AC3E3F1B9FCBE900C8CAF2 /* PBXTargetDependency */ = {
			isa = PBXTargetDependency;
			target = 15AC3E231B9FCBE900C8CAF2 /* HelloMyWebView */;
			targetProxy = 15AC3E3E1B9FCBE900C8CAF2 /* PBXContainerItemProxy */;
		};
/* End PBXTargetDependency section */

/* Begin PBXVariantGroup section */
		15AC3E311B9FCBE900C8CAF2 /* Main.storyboard */ = {
			isa = PBXVariantGroup;
			children = (
				15AC3E321B9FCBE900C8CAF2 /* Base */,
			);
			name = Main.storyboard;
			sourceTree = "<group>";
		};
		15AC3E361B9FCBE900C8CAF2 /* LaunchScreen.xib */ = {
			isa = PBXVariantGroup;
			children = (
				15AC3E371B9FCBE900C8CAF2 /* Base */,
			);
			name = LaunchScreen.xib;
			sourceTree = "<group>";
		};
/* End PBXVariantGroup section */

/* Begin XCBuildConfiguration section */
		15AC3E451B9FCBE900C8CAF2 /* Debug */ = {
			isa = XCBuildConfiguration;
			buildSettings = {
				ALWAYS_SEARCH_USER_PATHS = NO;
				CLANG_CXX_LANGUAGE_STANDARD = "gnu++0x";
				CLANG_CXX_LIBRARY = "libc++";
				CLANG_ENABLE_MODULES = YES;
				CLANG_ENABLE_OBJC_ARC = YES;
				CLANG_WARN_BOOL_CONVERSION = YES;
				CLANG_WARN_CONSTANT_CONVERSION = YES;
				CLANG_WARN_DIRECT_OBJC_ISA_USAGE = YES_ERROR;
				CLANG_WARN_EMPTY_BODY = YES;
				CLANG_WARN_ENUM_CONVERSION = YES;
				CLANG_WARN_INT_CONVERSION = YES;
				CLANG_WARN_OBJC_ROOT_CLASS = YES_ERROR;
				CLANG_WARN_UNREACHABLE_CODE = YES;
				CLANG_WARN__DUPLICATE_METHOD_MATCH = YES;
				"CODE_SIGN_IDENTITY[sdk=iphoneos*]" = "iPhone Developer";
				COPY_PHASE_STRIP = NO;
				DEBUG_INFORMATION_FORMAT = "dwarf-with-dsym";
				ENABLE_STRICT_OBJC_MSGSEND = YES;
				GCC_C_LANGUAGE_STANDARD = gnu99;
				GCC_DYNAMIC_NO_PIC = NO;
				GCC_NO_COMMON_BLOCKS = YES;
				GCC_OPTIMIZATION_LEVEL = 0;
				GCC_PREPROCESSOR_DEFINITIONS = (
					"DEBUG=1",
					"$(inherited)",
				);
				GCC_SYMBOLS_PRIVATE_EXTERN = NO;
				GCC_WARN_64_TO_32_BIT_CONVERSION = YES;
				GCC_WARN_ABOUT_RETURN_TYPE = YES_ERROR;
				GCC_WARN_UNDECLARED_SELECTOR = YES;
				GCC_WARN_UNINITIALIZED_AUTOS = YES_AGGRESSIVE;
				GCC_WARN_UNUSED_FUNCTION = YES;
				GCC_WARN_UNUSED_VARIABLE = YES;
				IPHONEOS_DEPLOYMENT_TARGET = 8.4;
				MTL_ENABLE_DEBUG_INFO = YES;
				ONLY_ACTIVE_ARCH = YES;
				SDKROOT = iphoneos;
				TARGETED_DEVICE_FAMILY = "1,2";
			};
			name = Debug;
		};
		15AC3E461B9FCBE900C8CAF2 /* Release */ = {
			isa = XCBuildConfiguration;
			buildSettings = {
				ALWAYS_SEARCH_USER_PATHS = NO;
				CLANG_CXX_LANGUAGE_STANDARD = "gnu++0x";
				CLANG_CXX_LIBRARY = "libc++";
				CLANG_ENABLE_MODULES = YES;
				CLANG_ENABLE_OBJC_ARC = YES;
				CLANG_WARN_BOOL_CONVERSION = YES;
				CLANG_WARN_CONSTANT_CONVERSION = YES;
				CLANG_WARN_DIRECT_OBJC_ISA_USAGE = YES_ERROR;
				CLANG_WARN_EMPTY_BODY = YES;
				CLANG_WARN_ENUM_CONVERSION = YES;
				CLANG_WARN_INT_CONVERSION = YES;
				CLANG_WARN_OBJC_ROOT_CLASS = YES_ERROR;
				CLANG_WARN_UNREACHABLE_CODE = YES;
				CLANG_WARN__DUPLICATE_METHOD_MATCH = YES;
				"CODE_SIGN_IDENTITY[sdk=iphoneos*]" = "iPhone Developer";
				COPY_PHASE_STRIP = NO;
				DEBUG_INFORMATION_FORMAT = "dwarf-with-dsym";
				ENABLE_NS_ASSERTIONS = NO;
				ENABLE_STRICT_OBJC_MSGSEND = YES;
				GCC_C_LANGUAGE_STANDARD = gnu99;
				GCC_NO_COMMON_BLOCKS = YES;
				GCC_WARN_64_TO_32_BIT_CONVERSION = YES;
				GCC_WARN_ABOUT_RETURN_TYPE = YES_ERROR;
				GCC_WARN_UNDECLARED_SELECTOR = YES;
				GCC_WARN_UNINITIALIZED_AUTOS = YES_AGGRESSIVE;
				GCC_WARN_UNUSED_FUNCTION = YES;
				GCC_WARN_UNUSED_VARIABLE = YES;
				IPHONEOS_DEPLOYMENT_TARGET = 8.4;
				MTL_ENABLE_DEBUG_INFO = NO;
				SDKROOT = iphoneos;
				TARGETED_DEVICE_FAMILY = "1,2";
				VALIDATE_PRODUCT = YES;
			};
			name = Release;
		};
		15AC3E481B9FCBE900C8CAF2 /* Debug */ = {
			isa = XCBuildConfiguration;
			buildSettings = {
				ASSETCATALOG_COMPILER_APPICON_NAME = AppIcon;
				INFOPLIST_FILE = HelloMyWebView/Info.plist;
				LD_RUNPATH_SEARCH_PATHS = "$(inherited) @executable_path/Frameworks";
				PRODUCT_NAME = "$(TARGET_NAME)";
			};
			name = Debug;
		};
		15AC3E491B9FCBE900C8CAF2 /* Release */ = {
			isa = XCBuildConfiguration;
			buildSettings = {
				ASSETCATALOG_COMPILER_APPICON_NAME = AppIcon;
				INFOPLIST_FILE = HelloMyWebView/Info.plist;
				LD_RUNPATH_SEARCH_PATHS = "$(inherited) @executable_path/Frameworks";
				PRODUCT_NAME = "$(TARGET_NAME)";
			};
			name = Release;
		};
		15AC3E4B1B9FCBE900C8CAF2 /* Debug */ = {
			isa = XCBuildConfiguration;
			buildSettings = {
				BUNDLE_LOADER = "$(TEST_HOST)";
				FRAMEWORK_SEARCH_PATHS = (
					"$(SDKROOT)/Developer/Library/Frameworks",
					"$(inherited)",
				);
				GCC_PREPROCESSOR_DEFINITIONS = (
					"DEBUG=1",
					"$(inherited)",
				);
				INFOPLIST_FILE = HelloMyWebViewTests/Info.plist;
				LD_RUNPATH_SEARCH_PATHS = "$(inherited) @executable_path/Frameworks @loader_path/Frameworks";
				PRODUCT_NAME = "$(TARGET_NAME)";
				TEST_HOST = "$(BUILT_PRODUCTS_DIR)/HelloMyWebView.app/HelloMyWebView";
			};
			name = Debug;
		};
		15AC3E4C1B9FCBE900C8CAF2 /* Release */ = {
			isa = XCBuildConfiguration;
			buildSettings = {
				BUNDLE_LOADER = "$(TEST_HOST)";
				FRAMEWORK_SEARCH_PATHS = (
					"$(SDKROOT)/Developer/Library/Frameworks",
					"$(inherited)",
				);
				INFOPLIST_FILE = HelloMyWebViewTests/Info.plist;
				LD_RUNPATH_SEARCH_PATHS = "$(inherited) @executable_path/Frameworks @loader_path/Frameworks";
				PRODUCT_NAME = "$(TARGET_NAME)";
				TEST_HOST = "$(BUILT_PRODUCTS_DIR)/HelloMyWebView.app/HelloMyWebView";
			};
			name = Release;
		};
/* End XCBuildConfiguration section */

/* Begin XCConfigurationList section */
		15AC3E1F1B9FCBE900C8CAF2 /* Build configuration list for PBXProject "HelloMyWebView" */ = {
			isa = XCConfigurationList;
			buildConfigurations = (
				15AC3E451B9FCBE900C8CAF2 /* Debug */,
				15AC3E461B9FCBE900C8CAF2 /* Release */,
			);
			defaultConfigurationIsVisible = 0;
			defaultConfigurationName = Release;
		};
		15AC3E471B9FCBE900C8CAF2 /* Build configuration list for PBXNativeTarget "HelloMyWebView" */ = {
			isa = XCConfigurationList;
			buildConfigurations = (
				15AC3E481B9FCBE900C8CAF2 /* Debug */,
				15AC3E491B9FCBE900C8CAF2 /* Release */,
			);
			defaultConfigurationIsVisible = 0;
		};
		15AC3E4A1B9FCBE900C8CAF2 /* Build configuration list for PBXNativeTarget "HelloMyWebViewTests" */ = {
			isa = XCConfigurationList;
			buildConfigurations = (
				15AC3E4B1B9FCBE900C8CAF2 /* Debug */,
				15AC3E4C1B9FCBE900C8CAF2 /* Release */,
			);
			defaultConfigurationIsVisible = 0;
		};
/* End XCConfigurationList section */
	};
	rootObject = 15AC3E1C1B9FCBE900C8CAF2 /* Project object */;
}
